
Microsoft Visual Studio Solution File, Format Version 12.00
# Visual Studio Version 16
VisualStudioVersion = 16.0.29613.14
MinimumVisualStudioVersion = 10.0.40219.1
Project("{FAE04EC0-301F-11D3-BF4B-00C04F79EFBC}") = "TrueLayerPokemon", "TrueLayerPokemon\TrueLayerPokemon.csproj", "{6A27F5A0-9886-4E4B-A354-3594239C7DAF}"
EndProject
Project("{FAE04EC0-301F-11D3-BF4B-00C04F79EFBC}") = "TrueLayerPokemonTests", "TrueLayerPokemonTests\TrueLayerPokemonTests.csproj", "{38909348-D36E-4AF9-A654-E3FD1FB76E2D}"
EndProject
Global
	GlobalSection(SolutionConfigurationPlatforms) = preSolution
		Debug|Any CPU = Debug|Any CPU
		Release|Any CPU = Release|Any CPU
	EndGlobalSection
	GlobalSection(ProjectConfigurationPlatforms) = postSolution
		{6A27F5A0-9886-4E4B-A354-3594239C7DAF}.Debug|Any CPU.ActiveCfg = Debug|Any CPU
		{6A27F5A0-9886-4E4B-A354-3594239C7DAF}.Debug|Any CPU.Build.0 = Debug|Any CPU
		{6A27F5A0-9886-4E4B-A354-3594239C7DAF}.Release|Any CPU.ActiveCfg = Release|Any CPU
		{6A27F5A0-9886-4E4B-A354-3594239C7DAF}.Release|Any CPU.Build.0 = Release|Any CPU
		{38909348-D36E-4AF9-A654-E3FD1FB76E2D}.Debug|Any CPU.ActiveCfg = Debug|Any CPU
		{38909348-D36E-4AF9-A654-E3FD1FB76E2D}.Debug|Any CPU.Build.0 = Debug|Any CPU
		{38909348-D36E-4AF9-A654-E3FD1FB76E2D}.Release|Any CPU.ActiveCfg = Release|Any CPU
		{38909348-D36E-4AF9-A654-E3FD1FB76E2D}.Release|Any CPU.Build.0 = Release|Any CPU
	EndGlobalSection
	GlobalSection(SolutionProperties) = preSolution
		HideSolutionNode = FALSE
	EndGlobalSection
	GlobalSection(ExtensibilityGlobals) = postSolution
		SolutionGuid = {08DC9783-B127-4D69-85B7-2DCAA86E4993}
	EndGlobalSection
EndGlobal
